
Microsoft Visual Studio Solution File, Format Version 12.00
# Visual Studio Version 16
VisualStudioVersion = 16.0.29215.179
MinimumVisualStudioVersion = 10.0.40219.1
Project("{FAE04EC0-301F-11D3-BF4B-00C04F79EFBC}") = "VizusCoffee", "VizusCoffee\VizusCoffee.csproj", "{10E18D11-A47D-4488-9916-D5342B58C11D}"
EndProject
Project("{54435603-DBB4-11D2-8724-00A0C9A8B90C}") = "Setup", "Setup\Setup.vdproj", "{5EB2EFED-A834-4962-A9BB-AF5EA7502B26}"
EndProject
Global
	GlobalSection(SolutionConfigurationPlatforms) = preSolution
		Debug|Any CPU = Debug|Any CPU
		Release|Any CPU = Release|Any CPU
	EndGlobalSection
	GlobalSection(ProjectConfigurationPlatforms) = postSolution
		{10E18D11-A47D-4488-9916-D5342B58C11D}.Debug|Any CPU.ActiveCfg = Debug|Any CPU
		{10E18D11-A47D-4488-9916-D5342B58C11D}.Debug|Any CPU.Build.0 = Debug|Any CPU
		{10E18D11-A47D-4488-9916-D5342B58C11D}.Release|Any CPU.ActiveCfg = Release|Any CPU
		{10E18D11-A47D-4488-9916-D5342B58C11D}.Release|Any CPU.Build.0 = Release|Any CPU
		{5EB2EFED-A834-4962-A9BB-AF5EA7502B26}.Debug|Any CPU.ActiveCfg = Debug
		{5EB2EFED-A834-4962-A9BB-AF5EA7502B26}.Release|Any CPU.ActiveCfg = Release
	EndGlobalSection
	GlobalSection(SolutionProperties) = preSolution
		HideSolutionNode = FALSE
	EndGlobalSection
	GlobalSection(ExtensibilityGlobals) = postSolution
		SolutionGuid = {03642730-856E-4776-8362-3C8E69604CF6}
	EndGlobalSection
EndGlobal
